
Microsoft Visual Studio Solution File, Format Version 12.00
# Visual Studio Version 17
VisualStudioVersion = 17.4.33213.308
MinimumVisualStudioVersion = 10.0.40219.1
Project("{FAE04EC0-301F-11D3-BF4B-00C04F79EFBC}") = "Online_learning", "Online_learning\Online_learning.csproj", "{3E6D6660-F51A-48A4-BA9F-3A80E1218D82}"
EndProject
Global
	GlobalSection(SolutionConfigurationPlatforms) = preSolution
		Debug|Any CPU = Debug|Any CPU
		Release|Any CPU = Release|Any CPU
	EndGlobalSection
	GlobalSection(ProjectConfigurationPlatforms) = postSolution
		{3E6D6660-F51A-48A4-BA9F-3A80E1218D82}.Debug|Any CPU.ActiveCfg = Debug|Any CPU
		{3E6D6660-F51A-48A4-BA9F-3A80E1218D82}.Debug|Any CPU.Build.0 = Debug|Any CPU
		{3E6D6660-F51A-48A4-BA9F-3A80E1218D82}.Release|Any CPU.ActiveCfg = Release|Any CPU
		{3E6D6660-F51A-48A4-BA9F-3A80E1218D82}.Release|Any CPU.Build.0 = Release|Any CPU
	EndGlobalSection
	GlobalSection(SolutionProperties) = preSolution
		HideSolutionNode = FALSE
	EndGlobalSection
	GlobalSection(ExtensibilityGlobals) = postSolution
		SolutionGuid = {018797C6-525F-41A5-A568-7E8CA6F6FCD2}
	EndGlobalSection
EndGlobal
